
Microsoft Visual Studio Solution File, Format Version 12.00
# Visual Studio 14
VisualStudioVersion = 14.0.25123.0
MinimumVisualStudioVersion = 10.0.40219.1
Project("{FAE04EC0-301F-11D3-BF4B-00C04F79EFBC}") = "Animation", "Animation\Animation.csproj", "{C2BBA875-C3B1-4C67-BD95-D30E1A26EDAC}"
EndProject
Project("{FAE04EC0-301F-11D3-BF4B-00C04F79EFBC}") = "VisualStates", "VisualStates\VisualStates.csproj", "{F18670AF-6CF3-4140-93AA-C7CFA08E0DA5}"
EndProject
Project("{FAE04EC0-301F-11D3-BF4B-00C04F79EFBC}") = "Screen", "Screen\Screen.csproj", "{E18E2807-3D00-404D-8183-F8CB26D4F125}"
EndProject
Project("{FAE04EC0-301F-11D3-BF4B-00C04F79EFBC}") = "Tile", "Tile\Tile.csproj", "{E3688E16-512B-4559-9407-9809D09C2940}"
EndProject
Project("{FAE04EC0-301F-11D3-BF4B-00C04F79EFBC}") = "AdaptiveTile", "AdaptiveTile\AdaptiveTile.csproj", "{C13F2BD2-9B72-4A05-BEF8-CF8AE847BFC7}"
EndProject
Project("{FAE04EC0-301F-11D3-BF4B-00C04F79EFBC}") = "Badge", "Badge\Badge.csproj", "{DF47ED67-7545-4A13-8267-D8E154FA238C}"
EndProject
Project("{FAE04EC0-301F-11D3-BF4B-00C04F79EFBC}") = "Toast", "Toast\Toast.csproj", "{9F3342D5-64A4-41BF-8642-D5AFD04AC91B}"
EndProject
Global
	GlobalSection(SolutionConfigurationPlatforms) = preSolution
		Debug|ARM = Debug|ARM
		Debug|x64 = Debug|x64
		Debug|x86 = Debug|x86
		Release|ARM = Release|ARM
		Release|x64 = Release|x64
		Release|x86 = Release|x86
	EndGlobalSection
	GlobalSection(ProjectConfigurationPlatforms) = postSolution
		{C2BBA875-C3B1-4C67-BD95-D30E1A26EDAC}.Debug|ARM.ActiveCfg = Debug|ARM
		{C2BBA875-C3B1-4C67-BD95-D30E1A26EDAC}.Debug|ARM.Build.0 = Debug|ARM
		{C2BBA875-C3B1-4C67-BD95-D30E1A26EDAC}.Debug|ARM.Deploy.0 = Debug|ARM
		{C2BBA875-C3B1-4C67-BD95-D30E1A26EDAC}.Debug|x64.ActiveCfg = Debug|x64
		{C2BBA875-C3B1-4C67-BD95-D30E1A26EDAC}.Debug|x64.Build.0 = Debug|x64
		{C2BBA875-C3B1-4C67-BD95-D30E1A26EDAC}.Debug|x64.Deploy.0 = Debug|x64
		{C2BBA875-C3B1-4C67-BD95-D30E1A26EDAC}.Debug|x86.ActiveCfg = Debug|x86
		{C2BBA875-C3B1-4C67-BD95-D30E1A26EDAC}.Debug|x86.Build.0 = Debug|x86
		{C2BBA875-C3B1-4C67-BD95-D30E1A26EDAC}.Debug|x86.Deploy.0 = Debug|x86
		{C2BBA875-C3B1-4C67-BD95-D30E1A26EDAC}.Release|ARM.ActiveCfg = Release|ARM
		{C2BBA875-C3B1-4C67-BD95-D30E1A26EDAC}.Release|ARM.Build.0 = Release|ARM
		{C2BBA875-C3B1-4C67-BD95-D30E1A26EDAC}.Release|ARM.Deploy.0 = Release|ARM
		{C2BBA875-C3B1-4C67-BD95-D30E1A26EDAC}.Release|x64.ActiveCfg = Release|x64
		{C2BBA875-C3B1-4C67-BD95-D30E1A26EDAC}.Release|x64.Build.0 = Release|x64
		{C2BBA875-C3B1-4C67-BD95-D30E1A26EDAC}.Release|x64.Deploy.0 = Release|x64
		{C2BBA875-C3B1-4C67-BD95-D30E1A26EDAC}.Release|x86.ActiveCfg = Release|x86
		{C2BBA875-C3B1-4C67-BD95-D30E1A26EDAC}.Release|x86.Build.0 = Release|x86
		{C2BBA875-C3B1-4C67-BD95-D30E1A26EDAC}.Release|x86.Deploy.0 = Release|x86
		{F18670AF-6CF3-4140-93AA-C7CFA08E0DA5}.Debug|ARM.ActiveCfg = Debug|ARM
		{F18670AF-6CF3-4140-93AA-C7CFA08E0DA5}.Debug|ARM.Build.0 = Debug|ARM
		{F18670AF-6CF3-4140-93AA-C7CFA08E0DA5}.Debug|ARM.Deploy.0 = Debug|ARM
		{F18670AF-6CF3-4140-93AA-C7CFA08E0DA5}.Debug|x64.ActiveCfg = Debug|x64
		{F18670AF-6CF3-4140-93AA-C7CFA08E0DA5}.Debug|x64.Build.0 = Debug|x64
		{F18670AF-6CF3-4140-93AA-C7CFA08E0DA5}.Debug|x64.Deploy.0 = Debug|x64
		{F18670AF-6CF3-4140-93AA-C7CFA08E0DA5}.Debug|x86.ActiveCfg = Debug|x86
		{F18670AF-6CF3-4140-93AA-C7CFA08E0DA5}.Debug|x86.Build.0 = Debug|x86
		{F18670AF-6CF3-4140-93AA-C7CFA08E0DA5}.Debug|x86.Deploy.0 = Debug|x86
		{F18670AF-6CF3-4140-93AA-C7CFA08E0DA5}.Release|ARM.ActiveCfg = Release|ARM
		{F18670AF-6CF3-4140-93AA-C7CFA08E0DA5}.Release|ARM.Build.0 = Release|ARM
		{F18670AF-6CF3-4140-93AA-C7CFA08E0DA5}.Release|ARM.Deploy.0 = Release|ARM
		{F18670AF-6CF3-4140-93AA-C7CFA08E0DA5}.Release|x64.ActiveCfg = Release|x64
		{F18670AF-6CF3-4140-93AA-C7CFA08E0DA5}.Release|x64.Build.0 = Release|x64
		{F18670AF-6CF3-4140-93AA-C7CFA08E0DA5}.Release|x64.Deploy.0 = Release|x64
		{F18670AF-6CF3-4140-93AA-C7CFA08E0DA5}.Release|x86.ActiveCfg = Release|x86
		{F18670AF-6CF3-4140-93AA-C7CFA08E0DA5}.Release|x86.Build.0 = Release|x86
		{F18670AF-6CF3-4140-93AA-C7CFA08E0DA5}.Release|x86.Deploy.0 = Release|x86
		{E18E2807-3D00-404D-8183-F8CB26D4F125}.Debug|ARM.ActiveCfg = Debug|ARM
		{E18E2807-3D00-404D-8183-F8CB26D4F125}.Debug|ARM.Build.0 = Debug|ARM
		{E18E2807-3D00-404D-8183-F8CB26D4F125}.Debug|ARM.Deploy.0 = Debug|ARM
		{E18E2807-3D00-404D-8183-F8CB26D4F125}.Debug|x64.ActiveCfg = Debug|x64
		{E18E2807-3D00-404D-8183-F8CB26D4F125}.Debug|x64.Build.0 = Debug|x64
		{E18E2807-3D00-404D-8183-F8CB26D4F125}.Debug|x64.Deploy.0 = Debug|x64
		{E18E2807-3D00-404D-8183-F8CB26D4F125}.Debug|x86.ActiveCfg = Debug|x86
		{E18E2807-3D00-404D-8183-F8CB26D4F125}.Debug|x86.Build.0 = Debug|x86
		{E18E2807-3D00-404D-8183-F8CB26D4F125}.Debug|x86.Deploy.0 = Debug|x86
		{E18E2807-3D00-404D-8183-F8CB26D4F125}.Release|ARM.ActiveCfg = Release|ARM
		{E18E2807-3D00-404D-8183-F8CB26D4F125}.Release|ARM.Build.0 = Release|ARM
		{E18E2807-3D00-404D-8183-F8CB26D4F125}.Release|ARM.Deploy.0 = Release|ARM
		{E18E2807-3D00-404D-8183-F8CB26D4F125}.Release|x64.ActiveCfg = Release|x64
		{E18E2807-3D00-404D-8183-F8CB26D4F125}.Release|x64.Build.0 = Release|x64
		{E18E2807-3D00-404D-8183-F8CB26D4F125}.Release|x64.Deploy.0 = Release|x64
		{E18E2807-3D00-404D-8183-F8CB26D4F125}.Release|x86.ActiveCfg = Release|x86
		{E18E2807-3D00-404D-8183-F8CB26D4F125}.Release|x86.Build.0 = Release|x86
		{E18E2807-3D00-404D-8183-F8CB26D4F125}.Release|x86.Deploy.0 = Release|x86
		{E3688E16-512B-4559-9407-9809D09C2940}.Debug|ARM.ActiveCfg = Debug|ARM
		{E3688E16-512B-4559-9407-9809D09C2940}.Debug|ARM.Build.0 = Debug|ARM
		{E3688E16-512B-4559-9407-9809D09C2940}.Debug|ARM.Deploy.0 = Debug|ARM
		{E3688E16-512B-4559-9407-9809D09C2940}.Debug|x64.ActiveCfg = Debug|x64
		{E3688E16-512B-4559-9407-9809D09C2940}.Debug|x64.Build.0 = Debug|x64
		{E3688E16-512B-4559-9407-9809D09C2940}.Debug|x64.Deploy.0 = Debug|x64
		{E3688E16-512B-4559-9407-9809D09C2940}.Debug|x86.ActiveCfg = Debug|x86
		{E3688E16-512B-4559-9407-9809D09C2940}.Debug|x86.Build.0 = Debug|x86
		{E3688E16-512B-4559-9407-9809D09C2940}.Debug|x86.Deploy.0 = Debug|x86
		{E3688E16-512B-4559-9407-9809D09C2940}.Release|ARM.ActiveCfg = Release|ARM
		{E3688E16-512B-4559-9407-9809D09C2940}.Release|ARM.Build.0 = Release|ARM
		{E3688E16-512B-4559-9407-9809D09C2940}.Release|ARM.Deploy.0 = Release|ARM
		{E3688E16-512B-4559-9407-9809D09C2940}.Release|x64.ActiveCfg = Release|x64
		{E3688E16-512B-4559-9407-9809D09C2940}.Release|x64.Build.0 = Release|x64
		{E3688E16-512B-4559-9407-9809D09C2940}.Release|x64.Deploy.0 = Release|x64
		{E3688E16-512B-4559-9407-9809D09C2940}.Release|x86.ActiveCfg = Release|x86
		{E3688E16-512B-4559-9407-9809D09C2940}.Release|x86.Build.0 = Release|x86
		{E3688E16-512B-4559-9407-9809D09C2940}.Release|x86.Deploy.0 = Release|x86
		{C13F2BD2-9B72-4A05-BEF8-CF8AE847BFC7}.Debug|ARM.ActiveCfg = Debug|ARM
		{C13F2BD2-9B72-4A05-BEF8-CF8AE847BFC7}.Debug|ARM.Build.0 = Debug|ARM
		{C13F2BD2-9B72-4A05-BEF8-CF8AE847BFC7}.Debug|ARM.Deploy.0 = Debug|ARM
		{C13F2BD2-9B72-4A05-BEF8-CF8AE847BFC7}.Debug|x64.ActiveCfg = Debug|x64
		{C13F2BD2-9B72-4A05-BEF8-CF8AE847BFC7}.Debug|x64.Build.0 = Debug|x64
		{C13F2BD2-9B72-4A05-BEF8-CF8AE847BFC7}.Debug|x64.Deploy.0 = Debug|x64
		{C13F2BD2-9B72-4A05-BEF8-CF8AE847BFC7}.Debug|x86.ActiveCfg = Debug|x86
		{C13F2BD2-9B72-4A05-BEF8-CF8AE847BFC7}.Debug|x86.Build.0 = Debug|x86
		{C13F2BD2-9B72-4A05-BEF8-CF8AE847BFC7}.Debug|x86.Deploy.0 = Debug|x86
		{C13F2BD2-9B72-4A05-BEF8-CF8AE847BFC7}.Release|ARM.ActiveCfg = Release|ARM
		{C13F2BD2-9B72-4A05-BEF8-CF8AE847BFC7}.Release|ARM.Build.0 = Release|ARM
		{C13F2BD2-9B72-4A05-BEF8-CF8AE847BFC7}.Release|ARM.Deploy.0 = Release|ARM
		{C13F2BD2-9B72-4A05-BEF8-CF8AE847BFC7}.Release|x64.ActiveCfg = Release|x64
		{C13F2BD2-9B72-4A05-BEF8-CF8AE847BFC7}.Release|x64.Build.0 = Release|x64
		{C13F2BD2-9B72-4A05-BEF8-CF8AE847BFC7}.Release|x64.Deploy.0 = Release|x64
		{C13F2BD2-9B72-4A05-BEF8-CF8AE847BFC7}.Release|x86.ActiveCfg = Release|x86
		{C13F2BD2-9B72-4A05-BEF8-CF8AE847BFC7}.Release|x86.Build.0 = Release|x86
		{C13F2BD2-9B72-4A05-BEF8-CF8AE847BFC7}.Release|x86.Deploy.0 = Release|x86
		{DF47ED67-7545-4A13-8267-D8E154FA238C}.Debug|ARM.ActiveCfg = Debug|ARM
		{DF47ED67-7545-4A13-8267-D8E154FA238C}.Debug|ARM.Build.0 = Debug|ARM
		{DF47ED67-7545-4A13-8267-D8E154FA238C}.Debug|ARM.Deploy.0 = Debug|ARM
		{DF47ED67-7545-4A13-8267-D8E154FA238C}.Debug|x64.ActiveCfg = Debug|x64
		{DF47ED67-7545-4A13-8267-D8E154FA238C}.Debug|x64.Build.0 = Debug|x64
		{DF47ED67-7545-4A13-8267-D8E154FA238C}.Debug|x64.Deploy.0 = Debug|x64
		{DF47ED67-7545-4A13-8267-D8E154FA238C}.Debug|x86.ActiveCfg = Debug|x86
		{DF47ED67-7545-4A13-8267-D8E154FA238C}.Debug|x86.Build.0 = Debug|x86
		{DF47ED67-7545-4A13-8267-D8E154FA238C}.Debug|x86.Deploy.0 = Debug|x86
		{DF47ED67-7545-4A13-8267-D8E154FA238C}.Release|ARM.ActiveCfg = Release|ARM
		{DF47ED67-7545-4A13-8267-D8E154FA238C}.Release|ARM.Build.0 = Release|ARM
		{DF47ED67-7545-4A13-8267-D8E154FA238C}.Release|ARM.Deploy.0 = Release|ARM
		{DF47ED67-7545-4A13-8267-D8E154FA238C}.Release|x64.ActiveCfg = Release|x64
		{DF47ED67-7545-4A13-8267-D8E154FA238C}.Release|x64.Build.0 = Release|x64
		{DF47ED67-7545-4A13-8267-D8E154FA238C}.Release|x64.Deploy.0 = Release|x64
		{DF47ED67-7545-4A13-8267-D8E154FA238C}.Release|x86.ActiveCfg = Release|x86
		{DF47ED67-7545-4A13-8267-D8E154FA238C}.Release|x86.Build.0 = Release|x86
		{DF47ED67-7545-4A13-8267-D8E154FA238C}.Release|x86.Deploy.0 = Release|x86
		{9F3342D5-64A4-41BF-8642-D5AFD04AC91B}.Debug|ARM.ActiveCfg = Debug|ARM
		{9F3342D5-64A4-41BF-8642-D5AFD04AC91B}.Debug|ARM.Build.0 = Debug|ARM
		{9F3342D5-64A4-41BF-8642-D5AFD04AC91B}.Debug|ARM.Deploy.0 = Debug|ARM
		{9F3342D5-64A4-41BF-8642-D5AFD04AC91B}.Debug|x64.ActiveCfg = Debug|x64
		{9F3342D5-64A4-41BF-8642-D5AFD04AC91B}.Debug|x64.Build.0 = Debug|x64
		{9F3342D5-64A4-41BF-8642-D5AFD04AC91B}.Debug|x64.Deploy.0 = Debug|x64
		{9F3342D5-64A4-41BF-8642-D5AFD04AC91B}.Debug|x86.ActiveCfg = Debug|x86
		{9F3342D5-64A4-41BF-8642-D5AFD04AC91B}.Debug|x86.Build.0 = Debug|x86
		{9F3342D5-64A4-41BF-8642-D5AFD04AC91B}.Debug|x86.Deploy.0 = Debug|x86
		{9F3342D5-64A4-41BF-8642-D5AFD04AC91B}.Release|ARM.ActiveCfg = Release|ARM
		{9F3342D5-64A4-41BF-8642-D5AFD04AC91B}.Release|ARM.Build.0 = Release|ARM
		{9F3342D5-64A4-41BF-8642-D5AFD04AC91B}.Release|ARM.Deploy.0 = Release|ARM
		{9F3342D5-64A4-41BF-8642-D5AFD04AC91B}.Release|x64.ActiveCfg = Release|x64
		{9F3342D5-64A4-41BF-8642-D5AFD04AC91B}.Release|x64.Build.0 = Release|x64
		{9F3342D5-64A4-41BF-8642-D5AFD04AC91B}.Release|x64.Deploy.0 = Release|x64
		{9F3342D5-64A4-41BF-8642-D5AFD04AC91B}.Release|x86.ActiveCfg = Release|x86
		{9F3342D5-64A4-41BF-8642-D5AFD04AC91B}.Release|x86.Build.0 = Release|x86
		{9F3342D5-64A4-41BF-8642-D5AFD04AC91B}.Release|x86.Deploy.0 = Release|x86
	EndGlobalSection
	GlobalSection(SolutionProperties) = preSolution
		HideSolutionNode = FALSE
	EndGlobalSection
EndGlobal
