
Microsoft Visual Studio Solution File, Format Version 12.00
# Visual Studio 14
VisualStudioVersion = 14.0.25123.0
MinimumVisualStudioVersion = 10.0.40219.1
Project("{FAE04EC0-301F-11D3-BF4B-00C04F79EFBC}") = "LifeCycle", "LifeCycle\LifeCycle.csproj", "{CB97EBE9-3812-4542-B21B-33B4F019EC5C}"
EndProject
Project("{FAE04EC0-301F-11D3-BF4B-00C04F79EFBC}") = "MVVMSample", "MVVMSample\MVVMSample.csproj", "{6674648B-FD38-40D0-BAE0-9DD5FF76E92D}"
EndProject
Project("{FAE04EC0-301F-11D3-BF4B-00C04F79EFBC}") = "BackgroundTask", "BackgroundTask\BackgroundTask.csproj", "{48C42907-D596-4B76-ACB7-9F99DCB3D211}"
EndProject
Project("{FAE04EC0-301F-11D3-BF4B-00C04F79EFBC}") = "Roaming", "Roaming\Roaming.csproj", "{ADEE93A7-1612-42A3-AA1F-4E7D18A4A110}"
EndProject
Global
	GlobalSection(SolutionConfigurationPlatforms) = preSolution
		Debug|Any CPU = Debug|Any CPU
		Debug|ARM = Debug|ARM
		Debug|x64 = Debug|x64
		Debug|x86 = Debug|x86
		Release|Any CPU = Release|Any CPU
		Release|ARM = Release|ARM
		Release|x64 = Release|x64
		Release|x86 = Release|x86
	EndGlobalSection
	GlobalSection(ProjectConfigurationPlatforms) = postSolution
		{CB97EBE9-3812-4542-B21B-33B4F019EC5C}.Debug|Any CPU.ActiveCfg = Debug|x86
		{CB97EBE9-3812-4542-B21B-33B4F019EC5C}.Debug|ARM.ActiveCfg = Debug|ARM
		{CB97EBE9-3812-4542-B21B-33B4F019EC5C}.Debug|ARM.Build.0 = Debug|ARM
		{CB97EBE9-3812-4542-B21B-33B4F019EC5C}.Debug|ARM.Deploy.0 = Debug|ARM
		{CB97EBE9-3812-4542-B21B-33B4F019EC5C}.Debug|x64.ActiveCfg = Debug|x64
		{CB97EBE9-3812-4542-B21B-33B4F019EC5C}.Debug|x64.Build.0 = Debug|x64
		{CB97EBE9-3812-4542-B21B-33B4F019EC5C}.Debug|x64.Deploy.0 = Debug|x64
		{CB97EBE9-3812-4542-B21B-33B4F019EC5C}.Debug|x86.ActiveCfg = Debug|x86
		{CB97EBE9-3812-4542-B21B-33B4F019EC5C}.Debug|x86.Build.0 = Debug|x86
		{CB97EBE9-3812-4542-B21B-33B4F019EC5C}.Debug|x86.Deploy.0 = Debug|x86
		{CB97EBE9-3812-4542-B21B-33B4F019EC5C}.Release|Any CPU.ActiveCfg = Release|x86
		{CB97EBE9-3812-4542-B21B-33B4F019EC5C}.Release|ARM.ActiveCfg = Release|ARM
		{CB97EBE9-3812-4542-B21B-33B4F019EC5C}.Release|ARM.Build.0 = Release|ARM
		{CB97EBE9-3812-4542-B21B-33B4F019EC5C}.Release|ARM.Deploy.0 = Release|ARM
		{CB97EBE9-3812-4542-B21B-33B4F019EC5C}.Release|x64.ActiveCfg = Release|x64
		{CB97EBE9-3812-4542-B21B-33B4F019EC5C}.Release|x64.Build.0 = Release|x64
		{CB97EBE9-3812-4542-B21B-33B4F019EC5C}.Release|x64.Deploy.0 = Release|x64
		{CB97EBE9-3812-4542-B21B-33B4F019EC5C}.Release|x86.ActiveCfg = Release|x86
		{CB97EBE9-3812-4542-B21B-33B4F019EC5C}.Release|x86.Build.0 = Release|x86
		{CB97EBE9-3812-4542-B21B-33B4F019EC5C}.Release|x86.Deploy.0 = Release|x86
		{6674648B-FD38-40D0-BAE0-9DD5FF76E92D}.Debug|Any CPU.ActiveCfg = Debug|x86
		{6674648B-FD38-40D0-BAE0-9DD5FF76E92D}.Debug|ARM.ActiveCfg = Debug|ARM
		{6674648B-FD38-40D0-BAE0-9DD5FF76E92D}.Debug|ARM.Build.0 = Debug|ARM
		{6674648B-FD38-40D0-BAE0-9DD5FF76E92D}.Debug|ARM.Deploy.0 = Debug|ARM
		{6674648B-FD38-40D0-BAE0-9DD5FF76E92D}.Debug|x64.ActiveCfg = Debug|x64
		{6674648B-FD38-40D0-BAE0-9DD5FF76E92D}.Debug|x64.Build.0 = Debug|x64
		{6674648B-FD38-40D0-BAE0-9DD5FF76E92D}.Debug|x64.Deploy.0 = Debug|x64
		{6674648B-FD38-40D0-BAE0-9DD5FF76E92D}.Debug|x86.ActiveCfg = Debug|x86
		{6674648B-FD38-40D0-BAE0-9DD5FF76E92D}.Debug|x86.Build.0 = Debug|x86
		{6674648B-FD38-40D0-BAE0-9DD5FF76E92D}.Debug|x86.Deploy.0 = Debug|x86
		{6674648B-FD38-40D0-BAE0-9DD5FF76E92D}.Release|Any CPU.ActiveCfg = Release|x86
		{6674648B-FD38-40D0-BAE0-9DD5FF76E92D}.Release|ARM.ActiveCfg = Release|ARM
		{6674648B-FD38-40D0-BAE0-9DD5FF76E92D}.Release|ARM.Build.0 = Release|ARM
		{6674648B-FD38-40D0-BAE0-9DD5FF76E92D}.Release|ARM.Deploy.0 = Release|ARM
		{6674648B-FD38-40D0-BAE0-9DD5FF76E92D}.Release|x64.ActiveCfg = Release|x64
		{6674648B-FD38-40D0-BAE0-9DD5FF76E92D}.Release|x64.Build.0 = Release|x64
		{6674648B-FD38-40D0-BAE0-9DD5FF76E92D}.Release|x64.Deploy.0 = Release|x64
		{6674648B-FD38-40D0-BAE0-9DD5FF76E92D}.Release|x86.ActiveCfg = Release|x86
		{6674648B-FD38-40D0-BAE0-9DD5FF76E92D}.Release|x86.Build.0 = Release|x86
		{6674648B-FD38-40D0-BAE0-9DD5FF76E92D}.Release|x86.Deploy.0 = Release|x86
		{48C42907-D596-4B76-ACB7-9F99DCB3D211}.Debug|Any CPU.ActiveCfg = Debug|Any CPU
		{48C42907-D596-4B76-ACB7-9F99DCB3D211}.Debug|Any CPU.Build.0 = Debug|Any CPU
		{48C42907-D596-4B76-ACB7-9F99DCB3D211}.Debug|ARM.ActiveCfg = Debug|ARM
		{48C42907-D596-4B76-ACB7-9F99DCB3D211}.Debug|ARM.Build.0 = Debug|ARM
		{48C42907-D596-4B76-ACB7-9F99DCB3D211}.Debug|x64.ActiveCfg = Debug|x64
		{48C42907-D596-4B76-ACB7-9F99DCB3D211}.Debug|x64.Build.0 = Debug|x64
		{48C42907-D596-4B76-ACB7-9F99DCB3D211}.Debug|x86.ActiveCfg = Debug|x86
		{48C42907-D596-4B76-ACB7-9F99DCB3D211}.Debug|x86.Build.0 = Debug|x86
		{48C42907-D596-4B76-ACB7-9F99DCB3D211}.Release|Any CPU.ActiveCfg = Release|Any CPU
		{48C42907-D596-4B76-ACB7-9F99DCB3D211}.Release|Any CPU.Build.0 = Release|Any CPU
		{48C42907-D596-4B76-ACB7-9F99DCB3D211}.Release|ARM.ActiveCfg = Release|ARM
		{48C42907-D596-4B76-ACB7-9F99DCB3D211}.Release|ARM.Build.0 = Release|ARM
		{48C42907-D596-4B76-ACB7-9F99DCB3D211}.Release|x64.ActiveCfg = Release|x64
		{48C42907-D596-4B76-ACB7-9F99DCB3D211}.Release|x64.Build.0 = Release|x64
		{48C42907-D596-4B76-ACB7-9F99DCB3D211}.Release|x86.ActiveCfg = Release|x86
		{48C42907-D596-4B76-ACB7-9F99DCB3D211}.Release|x86.Build.0 = Release|x86
		{ADEE93A7-1612-42A3-AA1F-4E7D18A4A110}.Debug|Any CPU.ActiveCfg = Debug|x86
		{ADEE93A7-1612-42A3-AA1F-4E7D18A4A110}.Debug|ARM.ActiveCfg = Debug|ARM
		{ADEE93A7-1612-42A3-AA1F-4E7D18A4A110}.Debug|ARM.Build.0 = Debug|ARM
		{ADEE93A7-1612-42A3-AA1F-4E7D18A4A110}.Debug|ARM.Deploy.0 = Debug|ARM
		{ADEE93A7-1612-42A3-AA1F-4E7D18A4A110}.Debug|x64.ActiveCfg = Debug|x64
		{ADEE93A7-1612-42A3-AA1F-4E7D18A4A110}.Debug|x64.Build.0 = Debug|x64
		{ADEE93A7-1612-42A3-AA1F-4E7D18A4A110}.Debug|x64.Deploy.0 = Debug|x64
		{ADEE93A7-1612-42A3-AA1F-4E7D18A4A110}.Debug|x86.ActiveCfg = Debug|x86
		{ADEE93A7-1612-42A3-AA1F-4E7D18A4A110}.Debug|x86.Build.0 = Debug|x86
		{ADEE93A7-1612-42A3-AA1F-4E7D18A4A110}.Debug|x86.Deploy.0 = Debug|x86
		{ADEE93A7-1612-42A3-AA1F-4E7D18A4A110}.Release|Any CPU.ActiveCfg = Release|x86
		{ADEE93A7-1612-42A3-AA1F-4E7D18A4A110}.Release|ARM.ActiveCfg = Release|ARM
		{ADEE93A7-1612-42A3-AA1F-4E7D18A4A110}.Release|ARM.Build.0 = Release|ARM
		{ADEE93A7-1612-42A3-AA1F-4E7D18A4A110}.Release|ARM.Deploy.0 = Release|ARM
		{ADEE93A7-1612-42A3-AA1F-4E7D18A4A110}.Release|x64.ActiveCfg = Release|x64
		{ADEE93A7-1612-42A3-AA1F-4E7D18A4A110}.Release|x64.Build.0 = Release|x64
		{ADEE93A7-1612-42A3-AA1F-4E7D18A4A110}.Release|x64.Deploy.0 = Release|x64
		{ADEE93A7-1612-42A3-AA1F-4E7D18A4A110}.Release|x86.ActiveCfg = Release|x86
		{ADEE93A7-1612-42A3-AA1F-4E7D18A4A110}.Release|x86.Build.0 = Release|x86
		{ADEE93A7-1612-42A3-AA1F-4E7D18A4A110}.Release|x86.Deploy.0 = Release|x86
	EndGlobalSection
	GlobalSection(SolutionProperties) = preSolution
		HideSolutionNode = FALSE
	EndGlobalSection
EndGlobal
